// !$*UTF8*$!
{
	archiveVersion = 1;
	classes = {
	};
	objectVersion = 46;
	objects = {

/* Begin PBXBuildFile section */
		605FBC4318A2BF37006CEF6D /* Foundation.framework in Frameworks */ = {isa = PBXBuildFile; fileRef = 605FBC4218A2BF37006CEF6D /* Foundation.framework */; };
		605FBC4518A2BF37006CEF6D /* CoreGraphics.framework in Frameworks */ = {isa = PBXBuildFile; fileRef = 605FBC4418A2BF37006CEF6D /* CoreGraphics.framework */; };
		605FBC4718A2BF37006CEF6D /* UIKit.framework in Frameworks */ = {isa = PBXBuildFile; fileRef = 605FBC4618A2BF37006CEF6D /* UIKit.framework */; };
		605FBC4D18A2BF37006CEF6D /* InfoPlist.strings in Resources */ = {isa = PBXBuildFile; fileRef = 605FBC4B18A2BF37006CEF6D /* InfoPlist.strings */; };
		605FBC4F18A2BF37006CEF6D /* main.m in Sources */ = {isa = PBXBuildFile; fileRef = 605FBC4E18A2BF37006CEF6D /* main.m */; };
		605FBC5318A2BF37006CEF6D /* MackAppDelegate.m in Sources */ = {isa = PBXBuildFile; fileRef = 605FBC5218A2BF37006CEF6D /* MackAppDelegate.m */; };
		605FBC5618A2BF37006CEF6D /* Main.storyboard in Resources */ = {isa = PBXBuildFile; fileRef = 605FBC5418A2BF37006CEF6D /* Main.storyboard */; };
		605FBC5918A2BF37006CEF6D /* MackViewController.m in Sources */ = {isa = PBXBuildFile; fileRef = 605FBC5818A2BF37006CEF6D /* MackViewController.m */; };
		605FBC5B18A2BF37006CEF6D /* Images.xcassets in Resources */ = {isa = PBXBuildFile; fileRef = 605FBC5A18A2BF37006CEF6D /* Images.xcassets */; };
		605FBC6218A2BF37006CEF6D /* XCTest.framework in Frameworks */ = {isa = PBXBuildFile; fileRef = 605FBC6118A2BF37006CEF6D /* XCTest.framework */; };
		605FBC6318A2BF37006CEF6D /* Foundation.framework in Frameworks */ = {isa = PBXBuildFile; fileRef = 605FBC4218A2BF37006CEF6D /* Foundation.framework */; };
		605FBC6418A2BF37006CEF6D /* UIKit.framework in Frameworks */ = {isa = PBXBuildFile; fileRef = 605FBC4618A2BF37006CEF6D /* UIKit.framework */; };
		605FBC6C18A2BF37006CEF6D /* InfoPlist.strings in Resources */ = {isa = PBXBuildFile; fileRef = 605FBC6A18A2BF37006CEF6D /* InfoPlist.strings */; };
		605FBC6E18A2BF37006CEF6D /* DesafioMapasTests.m in Sources */ = {isa = PBXBuildFile; fileRef = 605FBC6D18A2BF37006CEF6D /* DesafioMapasTests.m */; };
/* End PBXBuildFile section */

/* Begin PBXContainerItemProxy section */
		605FBC6518A2BF37006CEF6D /* PBXContainerItemProxy */ = {
			isa = PBXContainerItemProxy;
			containerPortal = 605FBC3718A2BF37006CEF6D /* Project object */;
			proxyType = 1;
			remoteGlobalIDString = 605FBC3E18A2BF37006CEF6D;
			remoteInfo = DesafioMapas;
		};
/* End PBXContainerItemProxy section */

/* Begin PBXFileReference section */
		605FBC3F18A2BF37006CEF6D /* DesafioMapas.app */ = {isa = PBXFileReference; explicitFileType = wrapper.application; includeInIndex = 0; path = DesafioMapas.app; sourceTree = BUILT_PRODUCTS_DIR; };
		605FBC4218A2BF37006CEF6D /* Foundation.framework */ = {isa = PBXFileReference; lastKnownFileType = wrapper.framework; name = Foundation.framework; path = System/Library/Frameworks/Foundation.framework; sourceTree = SDKROOT; };
		605FBC4418A2BF37006CEF6D /* CoreGraphics.framework */ = {isa = PBXFileReference; lastKnownFileType = wrapper.framework; name = CoreGraphics.framework; path = System/Library/Frameworks/CoreGraphics.framework; sourceTree = SDKROOT; };
		605FBC4618A2BF37006CEF6D /* UIKit.framework */ = {isa = PBXFileReference; lastKnownFileType = wrapper.framework; name = UIKit.framework; path = System/Library/Frameworks/UIKit.framework; sourceTree = SDKROOT; };
		605FBC4A18A2BF37006CEF6D /* DesafioMapas-Info.plist */ = {isa = PBXFileReference; lastKnownFileType = text.plist.xml; path = "DesafioMapas-Info.plist"; sourceTree = "<group>"; };
		605FBC4C18A2BF37006CEF6D /* en */ = {isa = PBXFileReference; lastKnownFileType = text.plist.strings; name = en; path = en.lproj/InfoPlist.strings; sourceTree = "<group>"; };
		605FBC4E18A2BF37006CEF6D /* main.m */ = {isa = PBXFileReference; lastKnownFileType = sourcecode.c.objc; path = main.m; sourceTree = "<group>"; };
		605FBC5018A2BF37006CEF6D /* DesafioMapas-Prefix.pch */ = {isa = PBXFileReference; lastKnownFileType = sourcecode.c.h; path = "DesafioMapas-Prefix.pch"; sourceTree = "<group>"; };
		605FBC5118A2BF37006CEF6D /* MackAppDelegate.h */ = {isa = PBXFileReference; lastKnownFileType = sourcecode.c.h; path = MackAppDelegate.h; sourceTree = "<group>"; };
		605FBC5218A2BF37006CEF6D /* MackAppDelegate.m */ = {isa = PBXFileReference; lastKnownFileType = sourcecode.c.objc; path = MackAppDelegate.m; sourceTree = "<group>"; };
		605FBC5518A2BF37006CEF6D /* Base */ = {isa = PBXFileReference; lastKnownFileType = file.storyboard; name = Base; path = Base.lproj/Main.storyboard; sourceTree = "<group>"; };
		605FBC5718A2BF37006CEF6D /* MackViewController.h */ = {isa = PBXFileReference; lastKnownFileType = sourcecode.c.h; path = MackViewController.h; sourceTree = "<group>"; };
		605FBC5818A2BF37006CEF6D /* MackViewController.m */ = {isa = PBXFileReference; lastKnownFileType = sourcecode.c.objc; path = MackViewController.m; sourceTree = "<group>"; };
		605FBC5A18A2BF37006CEF6D /* Images.xcassets */ = {isa = PBXFileReference; lastKnownFileType = folder.assetcatalog; path = Images.xcassets; sourceTree = "<group>"; };
		605FBC6018A2BF37006CEF6D /* DesafioMapasTests.xctest */ = {isa = PBXFileReference; explicitFileType = wrapper.cfbundle; includeInIndex = 0; path = DesafioMapasTests.xctest; sourceTree = BUILT_PRODUCTS_DIR; };
		605FBC6118A2BF37006CEF6D /* XCTest.framework */ = {isa = PBXFileReference; lastKnownFileType = wrapper.framework; name = XCTest.framework; path = Library/Frameworks/XCTest.framework; sourceTree = DEVELOPER_DIR; };
		605FBC6918A2BF37006CEF6D /* DesafioMapasTests-Info.plist */ = {isa = PBXFileReference; lastKnownFileType = text.plist.xml; path = "DesafioMapasTests-Info.plist"; sourceTree = "<group>"; };
		605FBC6B18A2BF37006CEF6D /* en */ = {isa = PBXFileReference; lastKnownFileType = text.plist.strings; name = en; path = en.lproj/InfoPlist.strings; sourceTree = "<group>"; };
		605FBC6D18A2BF37006CEF6D /* DesafioMapasTests.m */ = {isa = PBXFileReference; lastKnownFileType = sourcecode.c.objc; path = DesafioMapasTests.m; sourceTree = "<group>"; };
/* End PBXFileReference section */

/* Begin PBXFrameworksBuildPhase section */
		605FBC3C18A2BF37006CEF6D /* Frameworks */ = {
			isa = PBXFrameworksBuildPhase;
			buildActionMask = 2147483647;
			files = (
				605FBC4518A2BF37006CEF6D /* CoreGraphics.framework in Frameworks */,
				605FBC4718A2BF37006CEF6D /* UIKit.framework in Frameworks */,
				605FBC4318A2BF37006CEF6D /* Foundation.framework in Frameworks */,
			);
			runOnlyForDeploymentPostprocessing = 0;
		};
		605FBC5D18A2BF37006CEF6D /* Frameworks */ = {
			isa = PBXFrameworksBuildPhase;
			buildActionMask = 2147483647;
			files = (
				605FBC6218A2BF37006CEF6D /* XCTest.framework in Frameworks */,
				605FBC6418A2BF37006CEF6D /* UIKit.framework in Frameworks */,
				605FBC6318A2BF37006CEF6D /* Foundation.framework in Frameworks */,
			);
			runOnlyForDeploymentPostprocessing = 0;
		};
/* End PBXFrameworksBuildPhase section */

/* Begin PBXGroup section */
		605FBC3618A2BF37006CEF6D = {
			isa = PBXGroup;
			children = (
				605FBC4818A2BF37006CEF6D /* DesafioMapas */,
				605FBC6718A2BF37006CEF6D /* DesafioMapasTests */,
				605FBC4118A2BF37006CEF6D /* Frameworks */,
				605FBC4018A2BF37006CEF6D /* Products */,
			);
			sourceTree = "<group>";
		};
		605FBC4018A2BF37006CEF6D /* Products */ = {
			isa = PBXGroup;
			children = (
				605FBC3F18A2BF37006CEF6D /* DesafioMapas.app */,
				605FBC6018A2BF37006CEF6D /* DesafioMapasTests.xctest */,
			);
			name = Products;
			sourceTree = "<group>";
		};
		605FBC4118A2BF37006CEF6D /* Frameworks */ = {
			isa = PBXGroup;
			children = (
				605FBC4218A2BF37006CEF6D /* Foundation.framework */,
				605FBC4418A2BF37006CEF6D /* CoreGraphics.framework */,
				605FBC4618A2BF37006CEF6D /* UIKit.framework */,
				605FBC6118A2BF37006CEF6D /* XCTest.framework */,
			);
			name = Frameworks;
			sourceTree = "<group>";
		};
		605FBC4818A2BF37006CEF6D /* DesafioMapas */ = {
			isa = PBXGroup;
			children = (
				605FBC5118A2BF37006CEF6D /* MackAppDelegate.h */,
				605FBC5218A2BF37006CEF6D /* MackAppDelegate.m */,
				605FBC5418A2BF37006CEF6D /* Main.storyboard */,
				605FBC5718A2BF37006CEF6D /* MackViewController.h */,
				605FBC5818A2BF37006CEF6D /* MackViewController.m */,
				605FBC5A18A2BF37006CEF6D /* Images.xcassets */,
				605FBC4918A2BF37006CEF6D /* Supporting Files */,
			);
			path = DesafioMapas;
			sourceTree = "<group>";
		};
		605FBC4918A2BF37006CEF6D /* Supporting Files */ = {
			isa = PBXGroup;
			children = (
				605FBC4A18A2BF37006CEF6D /* DesafioMapas-Info.plist */,
				605FBC4B18A2BF37006CEF6D /* InfoPlist.strings */,
				605FBC4E18A2BF37006CEF6D /* main.m */,
				605FBC5018A2BF37006CEF6D /* DesafioMapas-Prefix.pch */,
			);
			name = "Supporting Files";
			sourceTree = "<group>";
		};
		605FBC6718A2BF37006CEF6D /* DesafioMapasTests */ = {
			isa = PBXGroup;
			children = (
				605FBC6D18A2BF37006CEF6D /* DesafioMapasTests.m */,
				605FBC6818A2BF37006CEF6D /* Supporting Files */,
			);
			path = DesafioMapasTests;
			sourceTree = "<group>";
		};
		605FBC6818A2BF37006CEF6D /* Supporting Files */ = {
			isa = PBXGroup;
			children = (
				605FBC6918A2BF37006CEF6D /* DesafioMapasTests-Info.plist */,
				605FBC6A18A2BF37006CEF6D /* InfoPlist.strings */,
			);
			name = "Supporting Files";
			sourceTree = "<group>";
		};
/* End PBXGroup section */

/* Begin PBXNativeTarget section */
		605FBC3E18A2BF37006CEF6D /* DesafioMapas */ = {
			isa = PBXNativeTarget;
			buildConfigurationList = 605FBC7118A2BF37006CEF6D /* Build configuration list for PBXNativeTarget "DesafioMapas" */;
			buildPhases = (
				605FBC3B18A2BF37006CEF6D /* Sources */,
				605FBC3C18A2BF37006CEF6D /* Frameworks */,
				605FBC3D18A2BF37006CEF6D /* Resources */,
			);
			buildRules = (
			);
			dependencies = (
			);
			name = DesafioMapas;
			productName = DesafioMapas;
			productReference = 605FBC3F18A2BF37006CEF6D /* DesafioMapas.app */;
			productType = "com.apple.product-type.application";
		};
		605FBC5F18A2BF37006CEF6D /* DesafioMapasTests */ = {
			isa = PBXNativeTarget;
			buildConfigurationList = 605FBC7418A2BF37006CEF6D /* Build configuration list for PBXNativeTarget "DesafioMapasTests" */;
			buildPhases = (
				605FBC5C18A2BF37006CEF6D /* Sources */,
				605FBC5D18A2BF37006CEF6D /* Frameworks */,
				605FBC5E18A2BF37006CEF6D /* Resources */,
			);
			buildRules = (
			);
			dependencies = (
				605FBC6618A2BF37006CEF6D /* PBXTargetDependency */,
			);
			name = DesafioMapasTests;
			productName = DesafioMapasTests;
			productReference = 605FBC6018A2BF37006CEF6D /* DesafioMapasTests.xctest */;
			productType = "com.apple.product-type.bundle.unit-test";
		};
/* End PBXNativeTarget section */

/* Begin PBXProject section */
		605FBC3718A2BF37006CEF6D /* Project object */ = {
			isa = PBXProject;
			attributes = {
				CLASSPREFIX = Mack;
				LastUpgradeCheck = 0510;
				ORGANIZATIONNAME = "Mack Mobile - BEPiD";
				TargetAttributes = {
					605FBC5F18A2BF37006CEF6D = {
						TestTargetID = 605FBC3E18A2BF37006CEF6D;
					};
				};
			};
			buildConfigurationList = 605FBC3A18A2BF37006CEF6D /* Build configuration list for PBXProject "DesafioMapas" */;
			compatibilityVersion = "Xcode 3.2";
			developmentRegion = English;
			hasScannedForEncodings = 0;
			knownRegions = (
				en,
				Base,
			);
			mainGroup = 605FBC3618A2BF37006CEF6D;
			productRefGroup = 605FBC4018A2BF37006CEF6D /* Products */;
			projectDirPath = "";
			projectRoot = "";
			targets = (
				605FBC3E18A2BF37006CEF6D /* DesafioMapas */,
				605FBC5F18A2BF37006CEF6D /* DesafioMapasTests */,
			);
		};
/* End PBXProject section */

/* Begin PBXResourcesBuildPhase section */
		605FBC3D18A2BF37006CEF6D /* Resources */ = {
			isa = PBXResourcesBuildPhase;
			buildActionMask = 2147483647;
			files = (
				605FBC5B18A2BF37006CEF6D /* Images.xcassets in Resources */,
				605FBC4D18A2BF37006CEF6D /* InfoPlist.strings in Resources */,
				605FBC5618A2BF37006CEF6D /* Main.storyboard in Resources */,
			);
			runOnlyForDeploymentPostprocessing = 0;
		};
		605FBC5E18A2BF37006CEF6D /* Resources */ = {
			isa = PBXResourcesBuildPhase;
			buildActionMask = 2147483647;
			files = (
				605FBC6C18A2BF37006CEF6D /* InfoPlist.strings in Resources */,
			);
			runOnlyForDeploymentPostprocessing = 0;
		};
/* End PBXResourcesBuildPhase section */

/* Begin PBXSourcesBuildPhase section */
		605FBC3B18A2BF37006CEF6D /* Sources */ = {
			isa = PBXSourcesBuildPhase;
			buildActionMask = 2147483647;
			files = (
				605FBC5318A2BF37006CEF6D /* MackAppDelegate.m in Sources */,
				605FBC4F18A2BF37006CEF6D /* main.m in Sources */,
				605FBC5918A2BF37006CEF6D /* MackViewController.m in Sources */,
			);
			runOnlyForDeploymentPostprocessing = 0;
		};
		605FBC5C18A2BF37006CEF6D /* Sources */ = {
			isa = PBXSourcesBuildPhase;
			buildActionMask = 2147483647;
			files = (
				605FBC6E18A2BF37006CEF6D /* DesafioMapasTests.m in Sources */,
			);
			runOnlyForDeploymentPostprocessing = 0;
		};
/* End PBXSourcesBuildPhase section */

/* Begin PBXTargetDependency section */
		605FBC6618A2BF37006CEF6D /* PBXTargetDependency */ = {
			isa = PBXTargetDependency;
			target = 605FBC3E18A2BF37006CEF6D /* DesafioMapas */;
			targetProxy = 605FBC6518A2BF37006CEF6D /* PBXContainerItemProxy */;
		};
/* End PBXTargetDependency section */

/* Begin PBXVariantGroup section */
		605FBC4B18A2BF37006CEF6D /* InfoPlist.strings */ = {
			isa = PBXVariantGroup;
			children = (
				605FBC4C18A2BF37006CEF6D /* en */,
			);
			name = InfoPlist.strings;
			sourceTree = "<group>";
		};
		605FBC5418A2BF37006CEF6D /* Main.storyboard */ = {
			isa = PBXVariantGroup;
			children = (
				605FBC5518A2BF37006CEF6D /* Base */,
			);
			name = Main.storyboard;
			sourceTree = "<group>";
		};
		605FBC6A18A2BF37006CEF6D /* InfoPlist.strings */ = {
			isa = PBXVariantGroup;
			children = (
				605FBC6B18A2BF37006CEF6D /* en */,
			);
			name = InfoPlist.strings;
			sourceTree = "<group>";
		};
/* End PBXVariantGroup section */

/* Begin XCBuildConfiguration section */
		605FBC6F18A2BF37006CEF6D /* Debug */ = {
			isa = XCBuildConfiguration;
			buildSettings = {
				ALWAYS_SEARCH_USER_PATHS = NO;
				CLANG_CXX_LANGUAGE_STANDARD = "gnu++0x";
				CLANG_CXX_LIBRARY = "libc++";
				CLANG_ENABLE_MODULES = YES;
				CLANG_ENABLE_OBJC_ARC = YES;
				CLANG_WARN_BOOL_CONVERSION = YES;
				CLANG_WARN_CONSTANT_CONVERSION = YES;
				CLANG_WARN_DIRECT_OBJC_ISA_USAGE = YES_ERROR;
				CLANG_WARN_EMPTY_BODY = YES;
				CLANG_WARN_ENUM_CONVERSION = YES;
				CLANG_WARN_INT_CONVERSION = YES;
				CLANG_WARN_OBJC_ROOT_CLASS = YES_ERROR;
				CLANG_WARN__DUPLICATE_METHOD_MATCH = YES;
				"CODE_SIGN_IDENTITY[sdk=iphoneos*]" = "iPhone Developer";
				COPY_PHASE_STRIP = NO;
				GCC_C_LANGUAGE_STANDARD = gnu99;
				GCC_DYNAMIC_NO_PIC = NO;
				GCC_OPTIMIZATION_LEVEL = 0;
				GCC_PREPROCESSOR_DEFINITIONS = (
					"DEBUG=1",
					"$(inherited)",
				);
				GCC_SYMBOLS_PRIVATE_EXTERN = NO;
				GCC_WARN_64_TO_32_BIT_CONVERSION = YES;
				GCC_WARN_ABOUT_RETURN_TYPE = YES_ERROR;
				GCC_WARN_UNDECLARED_SELECTOR = YES;
				GCC_WARN_UNINITIALIZED_AUTOS = YES_AGGRESSIVE;
				GCC_WARN_UNUSED_FUNCTION = YES;
				GCC_WARN_UNUSED_VARIABLE = YES;
				IPHONEOS_DEPLOYMENT_TARGET = 7.1;
				ONLY_ACTIVE_ARCH = YES;
				SDKROOT = iphoneos;
			};
			name = Debug;
		};
		605FBC7018A2BF37006CEF6D /* Release */ = {
			isa = XCBuildConfiguration;
			buildSettings = {
				ALWAYS_SEARCH_USER_PATHS = NO;
				CLANG_CXX_LANGUAGE_STANDARD = "gnu++0x";
				CLANG_CXX_LIBRARY = "libc++";
				CLANG_ENABLE_MODULES = YES;
				CLANG_ENABLE_OBJC_ARC = YES;
				CLANG_WARN_BOOL_CONVERSION = YES;
				CLANG_WARN_CONSTANT_CONVERSION = YES;
				CLANG_WARN_DIRECT_OBJC_ISA_USAGE = YES_ERROR;
				CLANG_WARN_EMPTY_BODY = YES;
				CLANG_WARN_ENUM_CONVERSION = YES;
				CLANG_WARN_INT_CONVERSION = YES;
				CLANG_WARN_OBJC_ROOT_CLASS = YES_ERROR;
				CLANG_WARN__DUPLICATE_METHOD_MATCH = YES;
				"CODE_SIGN_IDENTITY[sdk=iphoneos*]" = "iPhone Developer";
				COPY_PHASE_STRIP = YES;
				ENABLE_NS_ASSERTIONS = NO;
				GCC_C_LANGUAGE_STANDARD = gnu99;
				GCC_WARN_64_TO_32_BIT_CONVERSION = YES;
				GCC_WARN_ABOUT_RETURN_TYPE = YES_ERROR;
				GCC_WARN_UNDECLARED_SELECTOR = YES;
				GCC_WARN_UNINITIALIZED_AUTOS = YES_AGGRESSIVE;
				GCC_WARN_UNUSED_FUNCTION = YES;
				GCC_WARN_UNUSED_VARIABLE = YES;
				IPHONEOS_DEPLOYMENT_TARGET = 7.1;
				SDKROOT = iphoneos;
				VALIDATE_PRODUCT = YES;
			};
			name = Release;
		};
		605FBC7218A2BF37006CEF6D /* Debug */ = {
			isa = XCBuildConfiguration;
			buildSettings = {
				ASSETCATALOG_COMPILER_APPICON_NAME = AppIcon;
				ASSETCATALOG_COMPILER_LAUNCHIMAGE_NAME = LaunchImage;
				GCC_PRECOMPILE_PREFIX_HEADER = YES;
				GCC_PREFIX_HEADER = "DesafioMapas/DesafioMapas-Prefix.pch";
				INFOPLIST_FILE = "DesafioMapas/DesafioMapas-Info.plist";
				PRODUCT_NAME = "$(TARGET_NAME)";
				WRAPPER_EXTENSION = app;
			};
			name = Debug;
		};
		605FBC7318A2BF37006CEF6D /* Release */ = {
			isa = XCBuildConfiguration;
			buildSettings = {
				ASSETCATALOG_COMPILER_APPICON_NAME = AppIcon;
				ASSETCATALOG_COMPILER_LAUNCHIMAGE_NAME = LaunchImage;
				GCC_PRECOMPILE_PREFIX_HEADER = YES;
				GCC_PREFIX_HEADER = "DesafioMapas/DesafioMapas-Prefix.pch";
				INFOPLIST_FILE = "DesafioMapas/DesafioMapas-Info.plist";
				PRODUCT_NAME = "$(TARGET_NAME)";
				WRAPPER_EXTENSION = app;
			};
			name = Release;
		};
		605FBC7518A2BF37006CEF6D /* Debug */ = {
			isa = XCBuildConfiguration;
			buildSettings = {
				BUNDLE_LOADER = "$(BUILT_PRODUCTS_DIR)/DesafioMapas.app/DesafioMapas";
				FRAMEWORK_SEARCH_PATHS = (
					"$(SDKROOT)/Developer/Library/Frameworks",
					"$(inherited)",
					"$(DEVELOPER_FRAMEWORKS_DIR)",
				);
				GCC_PRECOMPILE_PREFIX_HEADER = YES;
				GCC_PREFIX_HEADER = "DesafioMapas/DesafioMapas-Prefix.pch";
				GCC_PREPROCESSOR_DEFINITIONS = (
					"DEBUG=1",
					"$(inherited)",
				);
				INFOPLIST_FILE = "DesafioMapasTests/DesafioMapasTests-Info.plist";
				PRODUCT_NAME = "$(TARGET_NAME)";
				TEST_HOST = "$(BUNDLE_LOADER)";
				WRAPPER_EXTENSION = xctest;
			};
			name = Debug;
		};
		605FBC7618A2BF37006CEF6D /* Release */ = {
			isa = XCBuildConfiguration;
			buildSettings = {
				BUNDLE_LOADER = "$(BUILT_PRODUCTS_DIR)/DesafioMapas.app/DesafioMapas";
				FRAMEWORK_SEARCH_PATHS = (
					"$(SDKROOT)/Developer/Library/Frameworks",
					"$(inherited)",
					"$(DEVELOPER_FRAMEWORKS_DIR)",
				);
				GCC_PRECOMPILE_PREFIX_HEADER = YES;
				GCC_PREFIX_HEADER = "DesafioMapas/DesafioMapas-Prefix.pch";
				INFOPLIST_FILE = "DesafioMapasTests/DesafioMapasTests-Info.plist";
				PRODUCT_NAME = "$(TARGET_NAME)";
				TEST_HOST = "$(BUNDLE_LOADER)";
				WRAPPER_EXTENSION = xctest;
			};
			name = Release;
		};
/* End XCBuildConfiguration section */

/* Begin XCConfigurationList section */
		605FBC3A18A2BF37006CEF6D /* Build configuration list for PBXProject "DesafioMapas" */ = {
			isa = XCConfigurationList;
			buildConfigurations = (
				605FBC6F18A2BF37006CEF6D /* Debug */,
				605FBC7018A2BF37006CEF6D /* Release */,
			);
			defaultConfigurationIsVisible = 0;
			defaultConfigurationName = Release;
		};
		605FBC7118A2BF37006CEF6D /* Build configuration list for PBXNativeTarget "DesafioMapas" */ = {
			isa = XCConfigurationList;
			buildConfigurations = (
				605FBC7218A2BF37006CEF6D /* Debug */,
				605FBC7318A2BF37006CEF6D /* Release */,
			);
			defaultConfigurationIsVisible = 0;
		};
		605FBC7418A2BF37006CEF6D /* Build configuration list for PBXNativeTarget "DesafioMapasTests" */ = {
			isa = XCConfigurationList;
			buildConfigurations = (
				605FBC7518A2BF37006CEF6D /* Debug */,
				605FBC7618A2BF37006CEF6D /* Release */,
			);
			defaultConfigurationIsVisible = 0;
		};
/* End XCConfigurationList section */
	};
	rootObject = 605FBC3718A2BF37006CEF6D /* Project object */;
}
